
Microsoft Visual Studio Solution File, Format Version 12.00
# Visual Studio Version 16
VisualStudioVersion = 16.0.30711.63
MinimumVisualStudioVersion = 10.0.40219.1
Project("{9A19103F-16F7-4668-BE54-9A1E7A4F7556}") = "IdeasApp.Data", "IdeasApp.Data\IdeasApp.Data.csproj", "{3CD636D2-928F-4EFA-A240-4F7DD15EFCD9}"
EndProject
Project("{9A19103F-16F7-4668-BE54-9A1E7A4F7556}") = "IdeasApp.Domain", "IdeasApp.Domain\IdeasApp.Domain.csproj", "{2C1D7C4D-5A9A-437B-8F4F-F1C2CBCE1DC8}"
EndProject
Project("{9A19103F-16F7-4668-BE54-9A1E7A4F7556}") = "IdeasConsole", "IdeasConsole\IdeasConsole.csproj", "{060A46E6-821B-4F59-A728-1B2AFDF33ED1}"
	ProjectSection(ProjectDependencies) = postProject
		{2C1D7C4D-5A9A-437B-8F4F-F1C2CBCE1DC8} = {2C1D7C4D-5A9A-437B-8F4F-F1C2CBCE1DC8}
		{3CD636D2-928F-4EFA-A240-4F7DD15EFCD9} = {3CD636D2-928F-4EFA-A240-4F7DD15EFCD9}
	EndProjectSection
EndProject
Project("{2150E333-8FDC-42A3-9474-1A3956D46DE8}") = "Solution Items", "Solution Items", "{70422875-CD6D-4F89-88B1-E8A382A48B6F}"
EndProject
Project("{FAE04EC0-301F-11D3-BF4B-00C04F79EFBC}") = "AdminModule", "AdminModule\AdminModule.csproj", "{D9D61863-4C2A-4240-97F6-725709844BBD}"
EndProject
Global
	GlobalSection(SolutionConfigurationPlatforms) = preSolution
		Debug|Any CPU = Debug|Any CPU
		Release|Any CPU = Release|Any CPU
	EndGlobalSection
	GlobalSection(ProjectConfigurationPlatforms) = postSolution
		{3CD636D2-928F-4EFA-A240-4F7DD15EFCD9}.Debug|Any CPU.ActiveCfg = Debug|Any CPU
		{3CD636D2-928F-4EFA-A240-4F7DD15EFCD9}.Debug|Any CPU.Build.0 = Debug|Any CPU
		{3CD636D2-928F-4EFA-A240-4F7DD15EFCD9}.Release|Any CPU.ActiveCfg = Release|Any CPU
		{3CD636D2-928F-4EFA-A240-4F7DD15EFCD9}.Release|Any CPU.Build.0 = Release|Any CPU
		{2C1D7C4D-5A9A-437B-8F4F-F1C2CBCE1DC8}.Debug|Any CPU.ActiveCfg = Debug|Any CPU
		{2C1D7C4D-5A9A-437B-8F4F-F1C2CBCE1DC8}.Debug|Any CPU.Build.0 = Debug|Any CPU
		{2C1D7C4D-5A9A-437B-8F4F-F1C2CBCE1DC8}.Release|Any CPU.ActiveCfg = Release|Any CPU
		{2C1D7C4D-5A9A-437B-8F4F-F1C2CBCE1DC8}.Release|Any CPU.Build.0 = Release|Any CPU
		{060A46E6-821B-4F59-A728-1B2AFDF33ED1}.Debug|Any CPU.ActiveCfg = Debug|Any CPU
		{060A46E6-821B-4F59-A728-1B2AFDF33ED1}.Debug|Any CPU.Build.0 = Debug|Any CPU
		{060A46E6-821B-4F59-A728-1B2AFDF33ED1}.Release|Any CPU.ActiveCfg = Release|Any CPU
		{060A46E6-821B-4F59-A728-1B2AFDF33ED1}.Release|Any CPU.Build.0 = Release|Any CPU
		{D9D61863-4C2A-4240-97F6-725709844BBD}.Debug|Any CPU.ActiveCfg = Debug|Any CPU
		{D9D61863-4C2A-4240-97F6-725709844BBD}.Debug|Any CPU.Build.0 = Debug|Any CPU
		{D9D61863-4C2A-4240-97F6-725709844BBD}.Release|Any CPU.ActiveCfg = Release|Any CPU
		{D9D61863-4C2A-4240-97F6-725709844BBD}.Release|Any CPU.Build.0 = Release|Any CPU
	EndGlobalSection
	GlobalSection(SolutionProperties) = preSolution
		HideSolutionNode = FALSE
	EndGlobalSection
	GlobalSection(ExtensibilityGlobals) = postSolution
		SolutionGuid = {590B3088-0135-4329-A4EB-72B0DAB5749E}
	EndGlobalSection
EndGlobal
